
Microsoft Visual Studio Solution File, Format Version 12.00
# Visual Studio Version 17
VisualStudioVersion = 17.5.002.0
MinimumVisualStudioVersion = 10.0.40219.1
Project("{9A19103F-16F7-4668-BE54-9A1E7A4F7556}") = "curso-basico", "curso-basico.csproj", "{C9DC6E27-1809-4246-87AA-4976FDE0C9F1}"
EndProject
Global
	GlobalSection(SolutionConfigurationPlatforms) = preSolution
		Debug|Any CPU = Debug|Any CPU
		Release|Any CPU = Release|Any CPU
	EndGlobalSection
	GlobalSection(ProjectConfigurationPlatforms) = postSolution
		{C9DC6E27-1809-4246-87AA-4976FDE0C9F1}.Debug|Any CPU.ActiveCfg = Debug|Any CPU
		{C9DC6E27-1809-4246-87AA-4976FDE0C9F1}.Debug|Any CPU.Build.0 = Debug|Any CPU
		{C9DC6E27-1809-4246-87AA-4976FDE0C9F1}.Release|Any CPU.ActiveCfg = Release|Any CPU
		{C9DC6E27-1809-4246-87AA-4976FDE0C9F1}.Release|Any CPU.Build.0 = Release|Any CPU
	EndGlobalSection
	GlobalSection(SolutionProperties) = preSolution
		HideSolutionNode = FALSE
	EndGlobalSection
	GlobalSection(ExtensibilityGlobals) = postSolution
		SolutionGuid = {3955E165-1352-4657-BE1B-85212B61F987}
	EndGlobalSection
EndGlobal
